
Microsoft Visual Studio Solution File, Format Version 12.00
# Visual Studio Version 16
VisualStudioVersion = 16.0.32510.428
MinimumVisualStudioVersion = 10.0.40219.1
Project("{FAE04EC0-301F-11D3-BF4B-00C04F79EFBC}") = "Application_Name", "Application_Name\Application_Name.csproj", "{5960B9F3-BA2F-4904-BAB7-A85F686A661F}"
EndProject
Global
	GlobalSection(SolutionConfigurationPlatforms) = preSolution
		Debug|Any CPU = Debug|Any CPU
		Release|Any CPU = Release|Any CPU
	EndGlobalSection
	GlobalSection(ProjectConfigurationPlatforms) = postSolution
		{5960B9F3-BA2F-4904-BAB7-A85F686A661F}.Debug|Any CPU.ActiveCfg = Debug|Any CPU
		{5960B9F3-BA2F-4904-BAB7-A85F686A661F}.Debug|Any CPU.Build.0 = Debug|Any CPU
		{5960B9F3-BA2F-4904-BAB7-A85F686A661F}.Release|Any CPU.ActiveCfg = Release|Any CPU
		{5960B9F3-BA2F-4904-BAB7-A85F686A661F}.Release|Any CPU.Build.0 = Release|Any CPU
	EndGlobalSection
	GlobalSection(SolutionProperties) = preSolution
		HideSolutionNode = FALSE
	EndGlobalSection
	GlobalSection(ExtensibilityGlobals) = postSolution
		SolutionGuid = {AF62BD90-D99D-4067-9B4B-A5FE31DB80E6}
	EndGlobalSection
EndGlobal
